
Microsoft Visual Studio Solution File, Format Version 12.00
# Visual Studio Version 17
VisualStudioVersion = 17.7.34031.279
MinimumVisualStudioVersion = 10.0.40219.1
Project("{FAE04EC0-301F-11D3-BF4B-00C04F79EFBC}") = "SimpleFinanceAPI", "SimpleFinanceAPI\SimpleFinanceAPI.csproj", "{D5AB7183-3733-42AD-9210-758506FD760A}"
EndProject
Global
	GlobalSection(SolutionConfigurationPlatforms) = preSolution
		Debug|Any CPU = Debug|Any CPU
		Release|Any CPU = Release|Any CPU
	EndGlobalSection
	GlobalSection(ProjectConfigurationPlatforms) = postSolution
		{D5AB7183-3733-42AD-9210-758506FD760A}.Debug|Any CPU.ActiveCfg = Debug|Any CPU
		{D5AB7183-3733-42AD-9210-758506FD760A}.Debug|Any CPU.Build.0 = Debug|Any CPU
		{D5AB7183-3733-42AD-9210-758506FD760A}.Release|Any CPU.ActiveCfg = Release|Any CPU
		{D5AB7183-3733-42AD-9210-758506FD760A}.Release|Any CPU.Build.0 = Release|Any CPU
	EndGlobalSection
	GlobalSection(SolutionProperties) = preSolution
		HideSolutionNode = FALSE
	EndGlobalSection
	GlobalSection(ExtensibilityGlobals) = postSolution
		SolutionGuid = {6897A7CC-A741-404D-AA85-9D52DEE2BCCC}
	EndGlobalSection
EndGlobal
